
Microsoft Visual Studio Solution File, Format Version 12.00
# Visual Studio Version 17
VisualStudioVersion = 17.4.33205.214
MinimumVisualStudioVersion = 10.0.40219.1
Project("{FAE04EC0-301F-11D3-BF4B-00C04F79EFBC}") = "ScaffoldingAPI", "ScaffoldingAPI\ScaffoldingAPI.csproj", "{C68F5EFF-EE1E-4A01-B4FD-4AC85217D344}"
EndProject
Global
	GlobalSection(SolutionConfigurationPlatforms) = preSolution
		Debug|Any CPU = Debug|Any CPU
		Release|Any CPU = Release|Any CPU
	EndGlobalSection
	GlobalSection(ProjectConfigurationPlatforms) = postSolution
		{C68F5EFF-EE1E-4A01-B4FD-4AC85217D344}.Debug|Any CPU.ActiveCfg = Debug|Any CPU
		{C68F5EFF-EE1E-4A01-B4FD-4AC85217D344}.Debug|Any CPU.Build.0 = Debug|Any CPU
		{C68F5EFF-EE1E-4A01-B4FD-4AC85217D344}.Release|Any CPU.ActiveCfg = Release|Any CPU
		{C68F5EFF-EE1E-4A01-B4FD-4AC85217D344}.Release|Any CPU.Build.0 = Release|Any CPU
	EndGlobalSection
	GlobalSection(SolutionProperties) = preSolution
		HideSolutionNode = FALSE
	EndGlobalSection
	GlobalSection(ExtensibilityGlobals) = postSolution
		SolutionGuid = {7F0AB291-FA38-4A1B-99F6-DE533194EC17}
	EndGlobalSection
EndGlobal
